// !$*UTF8*$!
{
	archiveVersion = 1;
	classes = {
	};
	objectVersion = 55;
	objects = {

/* Begin PBXBuildFile section */
		E86B5C3329BC5577006736BF /* AppDelegate.swift in Sources */ = {isa = PBXBuildFile; fileRef = E86B5C3229BC5577006736BF /* AppDelegate.swift */; };
		E86B5C3529BC5577006736BF /* SceneDelegate.swift in Sources */ = {isa = PBXBuildFile; fileRef = E86B5C3429BC5577006736BF /* SceneDelegate.swift */; };
		E86B5C3729BC5577006736BF /* ViewController.swift in Sources */ = {isa = PBXBuildFile; fileRef = E86B5C3629BC5577006736BF /* ViewController.swift */; };
		E86B5C3A29BC5577006736BF /* Main.storyboard in Resources */ = {isa = PBXBuildFile; fileRef = E86B5C3829BC5577006736BF /* Main.storyboard */; };
		E86B5C3C29BC557A006736BF /* Assets.xcassets in Resources */ = {isa = PBXBuildFile; fileRef = E86B5C3B29BC557A006736BF /* Assets.xcassets */; };
		E86B5C3F29BC557A006736BF /* LaunchScreen.storyboard in Resources */ = {isa = PBXBuildFile; fileRef = E86B5C3D29BC557A006736BF /* LaunchScreen.storyboard */; };
		E86B5C4829BCA7BB006736BF /* SQLHelper.swift in Sources */ = {isa = PBXBuildFile; fileRef = E86B5C4629BC55E7006736BF /* SQLHelper.swift */; };
		E86B5C4A29BCABAF006736BF /* ViewController2.swift in Sources */ = {isa = PBXBuildFile; fileRef = E86B5C4929BCABAE006736BF /* ViewController2.swift */; };
		E86B5C4C29BCAF3B006736BF /* MyTableViewCell.swift in Sources */ = {isa = PBXBuildFile; fileRef = E86B5C4B29BCAF3B006736BF /* MyTableViewCell.swift */; };
		E8AEB39629C17C0300F1B527 /* FMDatabasePool.m in Sources */ = {isa = PBXBuildFile; fileRef = E8AEB38D29C17C0300F1B527 /* FMDatabasePool.m */; };
		E8AEB39729C17C0300F1B527 /* FMDatabaseAdditions.m in Sources */ = {isa = PBXBuildFile; fileRef = E8AEB38E29C17C0300F1B527 /* FMDatabaseAdditions.m */; };
		E8AEB39829C17C0300F1B527 /* FMDatabaseQueue.m in Sources */ = {isa = PBXBuildFile; fileRef = E8AEB39029C17C0300F1B527 /* FMDatabaseQueue.m */; };
		E8AEB39929C17C0300F1B527 /* FMResultSet.m in Sources */ = {isa = PBXBuildFile; fileRef = E8AEB39229C17C0300F1B527 /* FMResultSet.m */; };
		E8AEB39A29C17C0300F1B527 /* FMDatabase.m in Sources */ = {isa = PBXBuildFile; fileRef = E8AEB39329C17C0300F1B527 /* FMDatabase.m */; };
/* End PBXBuildFile section */

/* Begin PBXFileReference section */
		E86B5C2F29BC5577006736BF /* FMDB.app */ = {isa = PBXFileReference; explicitFileType = wrapper.application; includeInIndex = 0; path = FMDB.app; sourceTree = BUILT_PRODUCTS_DIR; };
		E86B5C3229BC5577006736BF /* AppDelegate.swift */ = {isa = PBXFileReference; lastKnownFileType = sourcecode.swift; path = AppDelegate.swift; sourceTree = "<group>"; };
		E86B5C3429BC5577006736BF /* SceneDelegate.swift */ = {isa = PBXFileReference; lastKnownFileType = sourcecode.swift; path = SceneDelegate.swift; sourceTree = "<group>"; };
		E86B5C3629BC5577006736BF /* ViewController.swift */ = {isa = PBXFileReference; lastKnownFileType = sourcecode.swift; path = ViewController.swift; sourceTree = "<group>"; };
		E86B5C3929BC5577006736BF /* Base */ = {isa = PBXFileReference; lastKnownFileType = file.storyboard; name = Base; path = Base.lproj/Main.storyboard; sourceTree = "<group>"; };
		E86B5C3B29BC557A006736BF /* Assets.xcassets */ = {isa = PBXFileReference; lastKnownFileType = folder.assetcatalog; path = Assets.xcassets; sourceTree = "<group>"; };
		E86B5C3E29BC557A006736BF /* Base */ = {isa = PBXFileReference; lastKnownFileType = file.storyboard; name = Base; path = Base.lproj/LaunchScreen.storyboard; sourceTree = "<group>"; };
		E86B5C4029BC557A006736BF /* Info.plist */ = {isa = PBXFileReference; lastKnownFileType = text.plist.xml; path = Info.plist; sourceTree = "<group>"; };
		E86B5C4629BC55E7006736BF /* SQLHelper.swift */ = {isa = PBXFileReference; lastKnownFileType = sourcecode.swift; path = SQLHelper.swift; sourceTree = "<group>"; };
		E86B5C4929BCABAE006736BF /* ViewController2.swift */ = {isa = PBXFileReference; lastKnownFileType = sourcecode.swift; path = ViewController2.swift; sourceTree = "<group>"; };
		E86B5C4B29BCAF3B006736BF /* MyTableViewCell.swift */ = {isa = PBXFileReference; lastKnownFileType = sourcecode.swift; path = MyTableViewCell.swift; sourceTree = "<group>"; };
		E8AEB38A29C17C0100F1B527 /* DataBaseSqlite-Bridging-Header.h */ = {isa = PBXFileReference; lastKnownFileType = sourcecode.c.h; path = "DataBaseSqlite-Bridging-Header.h"; sourceTree = "<group>"; };
		E8AEB38B29C17C0200F1B527 /* FMDatabase.h */ = {isa = PBXFileReference; fileEncoding = 4; lastKnownFileType = sourcecode.c.h; path = FMDatabase.h; sourceTree = "<group>"; };
		E8AEB38C29C17C0200F1B527 /* FMDatabaseAdditions.h */ = {isa = PBXFileReference; fileEncoding = 4; lastKnownFileType = sourcecode.c.h; path = FMDatabaseAdditions.h; sourceTree = "<group>"; };
		E8AEB38D29C17C0300F1B527 /* FMDatabasePool.m */ = {isa = PBXFileReference; fileEncoding = 4; lastKnownFileType = sourcecode.c.objc; path = FMDatabasePool.m; sourceTree = "<group>"; };
		E8AEB38E29C17C0300F1B527 /* FMDatabaseAdditions.m */ = {isa = PBXFileReference; fileEncoding = 4; lastKnownFileType = sourcecode.c.objc; path = FMDatabaseAdditions.m; sourceTree = "<group>"; };
		E8AEB38F29C17C0300F1B527 /* FMDatabaseQueue.h */ = {isa = PBXFileReference; fileEncoding = 4; lastKnownFileType = sourcecode.c.h; path = FMDatabaseQueue.h; sourceTree = "<group>"; };
		E8AEB39029C17C0300F1B527 /* FMDatabaseQueue.m */ = {isa = PBXFileReference; fileEncoding = 4; lastKnownFileType = sourcecode.c.objc; path = FMDatabaseQueue.m; sourceTree = "<group>"; };
		E8AEB39129C17C0300F1B527 /* FMDB.h */ = {isa = PBXFileReference; fileEncoding = 4; lastKnownFileType = sourcecode.c.h; path = FMDB.h; sourceTree = "<group>"; };
		E8AEB39229C17C0300F1B527 /* FMResultSet.m */ = {isa = PBXFileReference; fileEncoding = 4; lastKnownFileType = sourcecode.c.objc; path = FMResultSet.m; sourceTree = "<group>"; };
		E8AEB39329C17C0300F1B527 /* FMDatabase.m */ = {isa = PBXFileReference; fileEncoding = 4; lastKnownFileType = sourcecode.c.objc; path = FMDatabase.m; sourceTree = "<group>"; };
		E8AEB39429C17C0300F1B527 /* FMDatabasePool.h */ = {isa = PBXFileReference; fileEncoding = 4; lastKnownFileType = sourcecode.c.h; path = FMDatabasePool.h; sourceTree = "<group>"; };
		E8AEB39529C17C0300F1B527 /* FMResultSet.h */ = {isa = PBXFileReference; fileEncoding = 4; lastKnownFileType = sourcecode.c.h; path = FMResultSet.h; sourceTree = "<group>"; };
/* End PBXFileReference section */

/* Begin PBXFrameworksBuildPhase section */
		E86B5C2C29BC5577006736BF /* Frameworks */ = {
			isa = PBXFrameworksBuildPhase;
			buildActionMask = 2147483647;
			files = (
			);
			runOnlyForDeploymentPostprocessing = 0;
		};
/* End PBXFrameworksBuildPhase section */

/* Begin PBXGroup section */
		E86B5C2629BC5577006736BF = {
			isa = PBXGroup;
			children = (
				E86B5C3129BC5577006736BF /* DataBaseSqlite */,
				E86B5C3029BC5577006736BF /* Products */,
			);
			sourceTree = "<group>";
		};
		E86B5C3029BC5577006736BF /* Products */ = {
			isa = PBXGroup;
			children = (
				E86B5C2F29BC5577006736BF /* FMDB.app */,
			);
			name = Products;
			sourceTree = "<group>";
		};
		E86B5C3129BC5577006736BF /* DataBaseSqlite */ = {
			isa = PBXGroup;
			children = (
				E8AEB38B29C17C0200F1B527 /* FMDatabase.h */,
				E8AEB39329C17C0300F1B527 /* FMDatabase.m */,
				E8AEB38C29C17C0200F1B527 /* FMDatabaseAdditions.h */,
				E8AEB38E29C17C0300F1B527 /* FMDatabaseAdditions.m */,
				E8AEB39429C17C0300F1B527 /* FMDatabasePool.h */,
				E8AEB38D29C17C0300F1B527 /* FMDatabasePool.m */,
				E8AEB38F29C17C0300F1B527 /* FMDatabaseQueue.h */,
				E8AEB39029C17C0300F1B527 /* FMDatabaseQueue.m */,
				E8AEB39529C17C0300F1B527 /* FMResultSet.h */,
				E8AEB39229C17C0300F1B527 /* FMResultSet.m */,
				E8AEB39129C17C0300F1B527 /* FMDB.h */,
				E86B5C3229BC5577006736BF /* AppDelegate.swift */,
				E86B5C3429BC5577006736BF /* SceneDelegate.swift */,
				E86B5C3629BC5577006736BF /* ViewController.swift */,
				E86B5C4629BC55E7006736BF /* SQLHelper.swift */,
				E86B5C4929BCABAE006736BF /* ViewController2.swift */,
				E86B5C4B29BCAF3B006736BF /* MyTableViewCell.swift */,
				E86B5C3829BC5577006736BF /* Main.storyboard */,
				E86B5C3B29BC557A006736BF /* Assets.xcassets */,
				E86B5C3D29BC557A006736BF /* LaunchScreen.storyboard */,
				E86B5C4029BC557A006736BF /* Info.plist */,
				E8AEB38A29C17C0100F1B527 /* DataBaseSqlite-Bridging-Header.h */,
			);
			path = DataBaseSqlite;
			sourceTree = "<group>";
		};
/* End PBXGroup section */

/* Begin PBXNativeTarget section */
		E86B5C2E29BC5577006736BF /* FMDB */ = {
			isa = PBXNativeTarget;
			buildConfigurationList = E86B5C4329BC557A006736BF /* Build configuration list for PBXNativeTarget "FMDB" */;
			buildPhases = (
				E86B5C2B29BC5577006736BF /* Sources */,
				E86B5C2C29BC5577006736BF /* Frameworks */,
				E86B5C2D29BC5577006736BF /* Resources */,
			);
			buildRules = (
			);
			dependencies = (
			);
			name = FMDB;
			productName = DataBaseSqlite;
			productReference = E86B5C2F29BC5577006736BF /* FMDB.app */;
			productType = "com.apple.product-type.application";
		};
/* End PBXNativeTarget section */

/* Begin PBXProject section */
		E86B5C2729BC5577006736BF /* Project object */ = {
			isa = PBXProject;
			attributes = {
				BuildIndependentTargetsInParallel = 1;
				LastSwiftUpdateCheck = 1300;
				LastUpgradeCheck = 1300;
				TargetAttributes = {
					E86B5C2E29BC5577006736BF = {
						CreatedOnToolsVersion = 13.0;
						LastSwiftMigration = 1300;
					};
				};
			};
			buildConfigurationList = E86B5C2A29BC5577006736BF /* Build configuration list for PBXProject "FMDB" */;
			compatibilityVersion = "Xcode 13.0";
			developmentRegion = en;
			hasScannedForEncodings = 0;
			knownRegions = (
				en,
				Base,
			);
			mainGroup = E86B5C2629BC5577006736BF;
			productRefGroup = E86B5C3029BC5577006736BF /* Products */;
			projectDirPath = "";
			projectRoot = "";
			targets = (
				E86B5C2E29BC5577006736BF /* FMDB */,
			);
		};
/* End PBXProject section */

/* Begin PBXResourcesBuildPhase section */
		E86B5C2D29BC5577006736BF /* Resources */ = {
			isa = PBXResourcesBuildPhase;
			buildActionMask = 2147483647;
			files = (
				E86B5C3F29BC557A006736BF /* LaunchScreen.storyboard in Resources */,
				E86B5C3C29BC557A006736BF /* Assets.xcassets in Resources */,
				E86B5C3A29BC5577006736BF /* Main.storyboard in Resources */,
			);
			runOnlyForDeploymentPostprocessing = 0;
		};
/* End PBXResourcesBuildPhase section */

/* Begin PBXSourcesBuildPhase section */
		E86B5C2B29BC5577006736BF /* Sources */ = {
			isa = PBXSourcesBuildPhase;
			buildActionMask = 2147483647;
			files = (
				E86B5C4A29BCABAF006736BF /* ViewController2.swift in Sources */,
				E86B5C3729BC5577006736BF /* ViewController.swift in Sources */,
				E86B5C3329BC5577006736BF /* AppDelegate.swift in Sources */,
				E86B5C4829BCA7BB006736BF /* SQLHelper.swift in Sources */,
				E8AEB39929C17C0300F1B527 /* FMResultSet.m in Sources */,
				E8AEB39629C17C0300F1B527 /* FMDatabasePool.m in Sources */,
				E86B5C3529BC5577006736BF /* SceneDelegate.swift in Sources */,
				E86B5C4C29BCAF3B006736BF /* MyTableViewCell.swift in Sources */,
				E8AEB39729C17C0300F1B527 /* FMDatabaseAdditions.m in Sources */,
				E8AEB39A29C17C0300F1B527 /* FMDatabase.m in Sources */,
				E8AEB39829C17C0300F1B527 /* FMDatabaseQueue.m in Sources */,
			);
			runOnlyForDeploymentPostprocessing = 0;
		};
/* End PBXSourcesBuildPhase section */

/* Begin PBXVariantGroup section */
		E86B5C3829BC5577006736BF /* Main.storyboard */ = {
			isa = PBXVariantGroup;
			children = (
				E86B5C3929BC5577006736BF /* Base */,
			);
			name = Main.storyboard;
			sourceTree = "<group>";
		};
		E86B5C3D29BC557A006736BF /* LaunchScreen.storyboard */ = {
			isa = PBXVariantGroup;
			children = (
				E86B5C3E29BC557A006736BF /* Base */,
			);
			name = LaunchScreen.storyboard;
			sourceTree = "<group>";
		};
/* End PBXVariantGroup section */

/* Begin XCBuildConfiguration section */
		E86B5C4129BC557A006736BF /* Debug */ = {
			isa = XCBuildConfiguration;
			buildSettings = {
				ALWAYS_SEARCH_USER_PATHS = NO;
				CLANG_ANALYZER_NONNULL = YES;
				CLANG_ANALYZER_NUMBER_OBJECT_CONVERSION = YES_AGGRESSIVE;
				CLANG_CXX_LANGUAGE_STANDARD = "gnu++17";
				CLANG_CXX_LIBRARY = "libc++";
				CLANG_ENABLE_MODULES = YES;
				CLANG_ENABLE_OBJC_ARC = YES;
				CLANG_ENABLE_OBJC_WEAK = YES;
				CLANG_WARN_BLOCK_CAPTURE_AUTORELEASING = YES;
				CLANG_WARN_BOOL_CONVERSION = YES;
				CLANG_WARN_COMMA = YES;
				CLANG_WARN_CONSTANT_CONVERSION = YES;
				CLANG_WARN_DEPRECATED_OBJC_IMPLEMENTATIONS = YES;
				CLANG_WARN_DIRECT_OBJC_ISA_USAGE = YES_ERROR;
				CLANG_WARN_DOCUMENTATION_COMMENTS = YES;
				CLANG_WARN_EMPTY_BODY = YES;
				CLANG_WARN_ENUM_CONVERSION = YES;
				CLANG_WARN_INFINITE_RECURSION = YES;
				CLANG_WARN_INT_CONVERSION = YES;
				CLANG_WARN_NON_LITERAL_NULL_CONVERSION = YES;
				CLANG_WARN_OBJC_IMPLICIT_RETAIN_SELF = YES;
				CLANG_WARN_OBJC_LITERAL_CONVERSION = YES;
				CLANG_WARN_OBJC_ROOT_CLASS = YES_ERROR;
				CLANG_WARN_QUOTED_INCLUDE_IN_FRAMEWORK_HEADER = YES;
				CLANG_WARN_RANGE_LOOP_ANALYSIS = YES;
				CLANG_WARN_STRICT_PROTOTYPES = YES;
				CLANG_WARN_SUSPICIOUS_MOVE = YES;
				CLANG_WARN_UNGUARDED_AVAILABILITY = YES_AGGRESSIVE;
				CLANG_WARN_UNREACHABLE_CODE = YES;
				CLANG_WARN__DUPLICATE_METHOD_MATCH = YES;
				COPY_PHASE_STRIP = NO;
				DEBUG_INFORMATION_FORMAT = dwarf;
				ENABLE_STRICT_OBJC_MSGSEND = YES;
				ENABLE_TESTABILITY = YES;
				GCC_C_LANGUAGE_STANDARD = gnu11;
				GCC_DYNAMIC_NO_PIC = NO;
				GCC_NO_COMMON_BLOCKS = YES;
				GCC_OPTIMIZATION_LEVEL = 0;
				GCC_PREPROCESSOR_DEFINITIONS = (
					"DEBUG=1",
					"$(inherited)",
				);
				GCC_WARN_64_TO_32_BIT_CONVERSION = YES;
				GCC_WARN_ABOUT_RETURN_TYPE = YES_ERROR;
				GCC_WARN_UNDECLARED_SELECTOR = YES;
				GCC_WARN_UNINITIALIZED_AUTOS = YES_AGGRESSIVE;
				GCC_WARN_UNUSED_FUNCTION = YES;
				GCC_WARN_UNUSED_VARIABLE = YES;
				IPHONEOS_DEPLOYMENT_TARGET = 15.0;
				MTL_ENABLE_DEBUG_INFO = INCLUDE_SOURCE;
				MTL_FAST_MATH = YES;
				ONLY_ACTIVE_ARCH = YES;
				SDKROOT = iphoneos;
				SWIFT_ACTIVE_COMPILATION_CONDITIONS = DEBUG;
				SWIFT_OPTIMIZATION_LEVEL = "-Onone";
			};
			name = Debug;
		};
		E86B5C4229BC557A006736BF /* Release */ = {
			isa = XCBuildConfiguration;
			buildSettings = {
				ALWAYS_SEARCH_USER_PATHS = NO;
				CLANG_ANALYZER_NONNULL = YES;
				CLANG_ANALYZER_NUMBER_OBJECT_CONVERSION = YES_AGGRESSIVE;
				CLANG_CXX_LANGUAGE_STANDARD = "gnu++17";
				CLANG_CXX_LIBRARY = "libc++";
				CLANG_ENABLE_MODULES = YES;
				CLANG_ENABLE_OBJC_ARC = YES;
				CLANG_ENABLE_OBJC_WEAK = YES;
				CLANG_WARN_BLOCK_CAPTURE_AUTORELEASING = YES;
				CLANG_WARN_BOOL_CONVERSION = YES;
				CLANG_WARN_COMMA = YES;
				CLANG_WARN_CONSTANT_CONVERSION = YES;
				CLANG_WARN_DEPRECATED_OBJC_IMPLEMENTATIONS = YES;
				CLANG_WARN_DIRECT_OBJC_ISA_USAGE = YES_ERROR;
				CLANG_WARN_DOCUMENTATION_COMMENTS = YES;
				CLANG_WARN_EMPTY_BODY = YES;
				CLANG_WARN_ENUM_CONVERSION = YES;
				CLANG_WARN_INFINITE_RECURSION = YES;
				CLANG_WARN_INT_CONVERSION = YES;
				CLANG_WARN_NON_LITERAL_NULL_CONVERSION = YES;
				CLANG_WARN_OBJC_IMPLICIT_RETAIN_SELF = YES;
				CLANG_WARN_OBJC_LITERAL_CONVERSION = YES;
				CLANG_WARN_OBJC_ROOT_CLASS = YES_ERROR;
				CLANG_WARN_QUOTED_INCLUDE_IN_FRAMEWORK_HEADER = YES;
				CLANG_WARN_RANGE_LOOP_ANALYSIS = YES;
				CLANG_WARN_STRICT_PROTOTYPES = YES;
				CLANG_WARN_SUSPICIOUS_MOVE = YES;
				CLANG_WARN_UNGUARDED_AVAILABILITY = YES_AGGRESSIVE;
				CLANG_WARN_UNREACHABLE_CODE = YES;
				CLANG_WARN__DUPLICATE_METHOD_MATCH = YES;
				COPY_PHASE_STRIP = NO;
				DEBUG_INFORMATION_FORMAT = "dwarf-with-dsym";
				ENABLE_NS_ASSERTIONS = NO;
				ENABLE_STRICT_OBJC_MSGSEND = YES;
				GCC_C_LANGUAGE_STANDARD = gnu11;
				GCC_NO_COMMON_BLOCKS = YES;
				GCC_WARN_64_TO_32_BIT_CONVERSION = YES;
				GCC_WARN_ABOUT_RETURN_TYPE = YES_ERROR;
				GCC_WARN_UNDECLARED_SELECTOR = YES;
				GCC_WARN_UNINITIALIZED_AUTOS = YES_AGGRESSIVE;
				GCC_WARN_UNUSED_FUNCTION = YES;
				GCC_WARN_UNUSED_VARIABLE = YES;
				IPHONEOS_DEPLOYMENT_TARGET = 15.0;
				MTL_ENABLE_DEBUG_INFO = NO;
				MTL_FAST_MATH = YES;
				SDKROOT = iphoneos;
				SWIFT_COMPILATION_MODE = wholemodule;
				SWIFT_OPTIMIZATION_LEVEL = "-O";
				VALIDATE_PRODUCT = YES;
			};
			name = Release;
		};
		E86B5C4429BC557A006736BF /* Debug */ = {
			isa = XCBuildConfiguration;
			buildSettings = {
				ASSETCATALOG_COMPILER_APPICON_NAME = AppIcon;
				ASSETCATALOG_COMPILER_GLOBAL_ACCENT_COLOR_NAME = AccentColor;
				CLANG_ENABLE_MODULES = YES;
				CODE_SIGN_STYLE = Automatic;
				CURRENT_PROJECT_VERSION = 1;
				GENERATE_INFOPLIST_FILE = YES;
				INFOPLIST_FILE = DataBaseSqlite/Info.plist;
				INFOPLIST_KEY_UIApplicationSupportsIndirectInputEvents = YES;
				INFOPLIST_KEY_UILaunchStoryboardName = LaunchScreen;
				INFOPLIST_KEY_UIMainStoryboardFile = Main;
				INFOPLIST_KEY_UISupportedInterfaceOrientations_iPad = "UIInterfaceOrientationPortrait UIInterfaceOrientationPortraitUpsideDown UIInterfaceOrientationLandscapeLeft UIInterfaceOrientationLandscapeRight";
				INFOPLIST_KEY_UISupportedInterfaceOrientations_iPhone = "UIInterfaceOrientationPortrait UIInterfaceOrientationLandscapeLeft UIInterfaceOrientationLandscapeRight";
				LD_RUNPATH_SEARCH_PATHS = (
					"$(inherited)",
					"@executable_path/Frameworks",
				);
				MARKETING_VERSION = 1.0;
				PRODUCT_BUNDLE_IDENTIFIER = DataBaseSqlite.DataBaseSqlite;
				PRODUCT_NAME = "$(TARGET_NAME)";
				SWIFT_EMIT_LOC_STRINGS = YES;
				SWIFT_OBJC_BRIDGING_HEADER = "DataBaseSqlite/DataBaseSqlite-Bridging-Header.h";
				SWIFT_OPTIMIZATION_LEVEL = "-Onone";
				SWIFT_VERSION = 5.0;
				TARGETED_DEVICE_FAMILY = "1,2";
			};
			name = Debug;
		};
		E86B5C4529BC557A006736BF /* Release */ = {
			isa = XCBuildConfiguration;
			buildSettings = {
				ASSETCATALOG_COMPILER_APPICON_NAME = AppIcon;
				ASSETCATALOG_COMPILER_GLOBAL_ACCENT_COLOR_NAME = AccentColor;
				CLANG_ENABLE_MODULES = YES;
				CODE_SIGN_STYLE = Automatic;
				CURRENT_PROJECT_VERSION = 1;
				GENERATE_INFOPLIST_FILE = YES;
				INFOPLIST_FILE = DataBaseSqlite/Info.plist;
				INFOPLIST_KEY_UIApplicationSupportsIndirectInputEvents = YES;
				INFOPLIST_KEY_UILaunchStoryboardName = LaunchScreen;
				INFOPLIST_KEY_UIMainStoryboardFile = Main;
				INFOPLIST_KEY_UISupportedInterfaceOrientations_iPad = "UIInterfaceOrientationPortrait UIInterfaceOrientationPortraitUpsideDown UIInterfaceOrientationLandscapeLeft UIInterfaceOrientationLandscapeRight";
				INFOPLIST_KEY_UISupportedInterfaceOrientations_iPhone = "UIInterfaceOrientationPortrait UIInterfaceOrientationLandscapeLeft UIInterfaceOrientationLandscapeRight";
				LD_RUNPATH_SEARCH_PATHS = (
					"$(inherited)",
					"@executable_path/Frameworks",
				);
				MARKETING_VERSION = 1.0;
				PRODUCT_BUNDLE_IDENTIFIER = DataBaseSqlite.DataBaseSqlite;
				PRODUCT_NAME = "$(TARGET_NAME)";
				SWIFT_EMIT_LOC_STRINGS = YES;
				SWIFT_OBJC_BRIDGING_HEADER = "DataBaseSqlite/DataBaseSqlite-Bridging-Header.h";
				SWIFT_VERSION = 5.0;
				TARGETED_DEVICE_FAMILY = "1,2";
			};
			name = Release;
		};
/* End XCBuildConfiguration section */

/* Begin XCConfigurationList section */
		E86B5C2A29BC5577006736BF /* Build configuration list for PBXProject "FMDB" */ = {
			isa = XCConfigurationList;
			buildConfigurations = (
				E86B5C4129BC557A006736BF /* Debug */,
				E86B5C4229BC557A006736BF /* Release */,
			);
			defaultConfigurationIsVisible = 0;
			defaultConfigurationName = Release;
		};
		E86B5C4329BC557A006736BF /* Build configuration list for PBXNativeTarget "FMDB" */ = {
			isa = XCConfigurationList;
			buildConfigurations = (
				E86B5C4429BC557A006736BF /* Debug */,
				E86B5C4529BC557A006736BF /* Release */,
			);
			defaultConfigurationIsVisible = 0;
			defaultConfigurationName = Release;
		};
/* End XCConfigurationList section */
	};
	rootObject = E86B5C2729BC5577006736BF /* Project object */;
}
